// !$*UTF8*$!
{
	archiveVersion = 1;
	classes = {
	};
	objectVersion = 55;
	objects = {

/* Begin PBXBuildFile section */
		CC337F1C275E96F8007A4895 /* AppDelegate.swift in Sources */ = {isa = PBXBuildFile; fileRef = CC337F1B275E96F8007A4895 /* AppDelegate.swift */; };
		CC337F1E275E96F8007A4895 /* SceneDelegate.swift in Sources */ = {isa = PBXBuildFile; fileRef = CC337F1D275E96F8007A4895 /* SceneDelegate.swift */; };
		CC337F20275E96F8007A4895 /* ViewController.swift in Sources */ = {isa = PBXBuildFile; fileRef = CC337F1F275E96F8007A4895 /* ViewController.swift */; };
		CC337F23275E96F8007A4895 /* Main.storyboard in Resources */ = {isa = PBXBuildFile; fileRef = CC337F21275E96F8007A4895 /* Main.storyboard */; };
		CC337F25275E96F9007A4895 /* Assets.xcassets in Resources */ = {isa = PBXBuildFile; fileRef = CC337F24275E96F9007A4895 /* Assets.xcassets */; };
		CC337F28275E96F9007A4895 /* LaunchScreen.storyboard in Resources */ = {isa = PBXBuildFile; fileRef = CC337F26275E96F9007A4895 /* LaunchScreen.storyboard */; };
		CC337F30275E98C0007A4895 /* SquareViewController.swift in Sources */ = {isa = PBXBuildFile; fileRef = CC337F2F275E98C0007A4895 /* SquareViewController.swift */; };
		CC337F32275E98D2007A4895 /* FoxViewController.swift in Sources */ = {isa = PBXBuildFile; fileRef = CC337F31275E98D2007A4895 /* FoxViewController.swift */; };
		CC337F34275E98E2007A4895 /* CatViewController.swift in Sources */ = {isa = PBXBuildFile; fileRef = CC337F33275E98E2007A4895 /* CatViewController.swift */; };
		CC337F36275E98F1007A4895 /* CubeViewController.swift in Sources */ = {isa = PBXBuildFile; fileRef = CC337F35275E98F1007A4895 /* CubeViewController.swift */; };
		CC337F38275E9908007A4895 /* Vertex.swift in Sources */ = {isa = PBXBuildFile; fileRef = CC337F37275E9908007A4895 /* Vertex.swift */; };
/* End PBXBuildFile section */

/* Begin PBXFileReference section */
		CC337F18275E96F8007A4895 /* OpenGL_with_Swift2.0.app */ = {isa = PBXFileReference; explicitFileType = wrapper.application; includeInIndex = 0; path = OpenGL_with_Swift2.0.app; sourceTree = BUILT_PRODUCTS_DIR; };
		CC337F1B275E96F8007A4895 /* AppDelegate.swift */ = {isa = PBXFileReference; lastKnownFileType = sourcecode.swift; path = AppDelegate.swift; sourceTree = "<group>"; };
		CC337F1D275E96F8007A4895 /* SceneDelegate.swift */ = {isa = PBXFileReference; lastKnownFileType = sourcecode.swift; path = SceneDelegate.swift; sourceTree = "<group>"; };
		CC337F1F275E96F8007A4895 /* ViewController.swift */ = {isa = PBXFileReference; lastKnownFileType = sourcecode.swift; path = ViewController.swift; sourceTree = "<group>"; };
		CC337F22275E96F8007A4895 /* Base */ = {isa = PBXFileReference; lastKnownFileType = file.storyboard; name = Base; path = Base.lproj/Main.storyboard; sourceTree = "<group>"; };
		CC337F24275E96F9007A4895 /* Assets.xcassets */ = {isa = PBXFileReference; lastKnownFileType = folder.assetcatalog; path = Assets.xcassets; sourceTree = "<group>"; };
		CC337F27275E96F9007A4895 /* Base */ = {isa = PBXFileReference; lastKnownFileType = file.storyboard; name = Base; path = Base.lproj/LaunchScreen.storyboard; sourceTree = "<group>"; };
		CC337F29275E96F9007A4895 /* Info.plist */ = {isa = PBXFileReference; lastKnownFileType = text.plist.xml; path = Info.plist; sourceTree = "<group>"; };
		CC337F2F275E98C0007A4895 /* SquareViewController.swift */ = {isa = PBXFileReference; lastKnownFileType = sourcecode.swift; path = SquareViewController.swift; sourceTree = "<group>"; };
		CC337F31275E98D2007A4895 /* FoxViewController.swift */ = {isa = PBXFileReference; lastKnownFileType = sourcecode.swift; path = FoxViewController.swift; sourceTree = "<group>"; };
		CC337F33275E98E2007A4895 /* CatViewController.swift */ = {isa = PBXFileReference; lastKnownFileType = sourcecode.swift; path = CatViewController.swift; sourceTree = "<group>"; };
		CC337F35275E98F1007A4895 /* CubeViewController.swift */ = {isa = PBXFileReference; lastKnownFileType = sourcecode.swift; path = CubeViewController.swift; sourceTree = "<group>"; };
		CC337F37275E9908007A4895 /* Vertex.swift */ = {isa = PBXFileReference; lastKnownFileType = sourcecode.swift; path = Vertex.swift; sourceTree = "<group>"; };
/* End PBXFileReference section */

/* Begin PBXFrameworksBuildPhase section */
		CC337F15275E96F8007A4895 /* Frameworks */ = {
			isa = PBXFrameworksBuildPhase;
			buildActionMask = 2147483647;
			files = (
			);
			runOnlyForDeploymentPostprocessing = 0;
		};
/* End PBXFrameworksBuildPhase section */

/* Begin PBXGroup section */
		CC337F0F275E96F8007A4895 = {
			isa = PBXGroup;
			children = (
				CC337F1A275E96F8007A4895 /* OpenGL_with_Swift2.0 */,
				CC337F19275E96F8007A4895 /* Products */,
			);
			sourceTree = "<group>";
		};
		CC337F19275E96F8007A4895 /* Products */ = {
			isa = PBXGroup;
			children = (
				CC337F18275E96F8007A4895 /* OpenGL_with_Swift2.0.app */,
			);
			name = Products;
			sourceTree = "<group>";
		};
		CC337F1A275E96F8007A4895 /* OpenGL_with_Swift2.0 */ = {
			isa = PBXGroup;
			children = (
				CC337F1B275E96F8007A4895 /* AppDelegate.swift */,
				CC337F1D275E96F8007A4895 /* SceneDelegate.swift */,
				CC337F1F275E96F8007A4895 /* ViewController.swift */,
				CC337F21275E96F8007A4895 /* Main.storyboard */,
				CC337F24275E96F9007A4895 /* Assets.xcassets */,
				CC337F26275E96F9007A4895 /* LaunchScreen.storyboard */,
				CC337F29275E96F9007A4895 /* Info.plist */,
				CC337F2F275E98C0007A4895 /* SquareViewController.swift */,
				CC337F31275E98D2007A4895 /* FoxViewController.swift */,
				CC337F33275E98E2007A4895 /* CatViewController.swift */,
				CC337F35275E98F1007A4895 /* CubeViewController.swift */,
				CC337F37275E9908007A4895 /* Vertex.swift */,
			);
			path = OpenGL_with_Swift2.0;
			sourceTree = "<group>";
		};
/* End PBXGroup section */

/* Begin PBXNativeTarget section */
		CC337F17275E96F8007A4895 /* OpenGL_with_Swift2.0 */ = {
			isa = PBXNativeTarget;
			buildConfigurationList = CC337F2C275E96F9007A4895 /* Build configuration list for PBXNativeTarget "OpenGL_with_Swift2.0" */;
			buildPhases = (
				CC337F14275E96F8007A4895 /* Sources */,
				CC337F15275E96F8007A4895 /* Frameworks */,
				CC337F16275E96F8007A4895 /* Resources */,
			);
			buildRules = (
			);
			dependencies = (
			);
			name = OpenGL_with_Swift2.0;
			productName = OpenGL_with_Swift2.0;
			productReference = CC337F18275E96F8007A4895 /* OpenGL_with_Swift2.0.app */;
			productType = "com.apple.product-type.application";
		};
/* End PBXNativeTarget section */

/* Begin PBXProject section */
		CC337F10275E96F8007A4895 /* Project object */ = {
			isa = PBXProject;
			attributes = {
				BuildIndependentTargetsInParallel = 1;
				LastSwiftUpdateCheck = 1310;
				LastUpgradeCheck = 1310;
				TargetAttributes = {
					CC337F17275E96F8007A4895 = {
						CreatedOnToolsVersion = 13.1;
					};
				};
			};
			buildConfigurationList = CC337F13275E96F8007A4895 /* Build configuration list for PBXProject "OpenGL_with_Swift2.0" */;
			compatibilityVersion = "Xcode 13.0";
			developmentRegion = en;
			hasScannedForEncodings = 0;
			knownRegions = (
				en,
				Base,
			);
			mainGroup = CC337F0F275E96F8007A4895;
			productRefGroup = CC337F19275E96F8007A4895 /* Products */;
			projectDirPath = "";
			projectRoot = "";
			targets = (
				CC337F17275E96F8007A4895 /* OpenGL_with_Swift2.0 */,
			);
		};
/* End PBXProject section */

/* Begin PBXResourcesBuildPhase section */
		CC337F16275E96F8007A4895 /* Resources */ = {
			isa = PBXResourcesBuildPhase;
			buildActionMask = 2147483647;
			files = (
				CC337F28275E96F9007A4895 /* LaunchScreen.storyboard in Resources */,
				CC337F25275E96F9007A4895 /* Assets.xcassets in Resources */,
				CC337F23275E96F8007A4895 /* Main.storyboard in Resources */,
			);
			runOnlyForDeploymentPostprocessing = 0;
		};
/* End PBXResourcesBuildPhase section */

/* Begin PBXSourcesBuildPhase section */
		CC337F14275E96F8007A4895 /* Sources */ = {
			isa = PBXSourcesBuildPhase;
			buildActionMask = 2147483647;
			files = (
				CC337F20275E96F8007A4895 /* ViewController.swift in Sources */,
				CC337F36275E98F1007A4895 /* CubeViewController.swift in Sources */,
				CC337F30275E98C0007A4895 /* SquareViewController.swift in Sources */,
				CC337F32275E98D2007A4895 /* FoxViewController.swift in Sources */,
				CC337F1C275E96F8007A4895 /* AppDelegate.swift in Sources */,
				CC337F38275E9908007A4895 /* Vertex.swift in Sources */,
				CC337F1E275E96F8007A4895 /* SceneDelegate.swift in Sources */,
				CC337F34275E98E2007A4895 /* CatViewController.swift in Sources */,
			);
			runOnlyForDeploymentPostprocessing = 0;
		};
/* End PBXSourcesBuildPhase section */

/* Begin PBXVariantGroup section */
		CC337F21275E96F8007A4895 /* Main.storyboard */ = {
			isa = PBXVariantGroup;
			children = (
				CC337F22275E96F8007A4895 /* Base */,
			);
			name = Main.storyboard;
			sourceTree = "<group>";
		};
		CC337F26275E96F9007A4895 /* LaunchScreen.storyboard */ = {
			isa = PBXVariantGroup;
			children = (
				CC337F27275E96F9007A4895 /* Base */,
			);
			name = LaunchScreen.storyboard;
			sourceTree = "<group>";
		};
/* End PBXVariantGroup section */

/* Begin XCBuildConfiguration section */
		CC337F2A275E96F9007A4895 /* Debug */ = {
			isa = XCBuildConfiguration;
			buildSettings = {
				ALWAYS_SEARCH_USER_PATHS = NO;
				CLANG_ANALYZER_NONNULL = YES;
				CLANG_ANALYZER_NUMBER_OBJECT_CONVERSION = YES_AGGRESSIVE;
				CLANG_CXX_LANGUAGE_STANDARD = "gnu++17";
				CLANG_CXX_LIBRARY = "libc++";
				CLANG_ENABLE_MODULES = YES;
				CLANG_ENABLE_OBJC_ARC = YES;
				CLANG_ENABLE_OBJC_WEAK = YES;
				CLANG_WARN_BLOCK_CAPTURE_AUTORELEASING = YES;
				CLANG_WARN_BOOL_CONVERSION = YES;
				CLANG_WARN_COMMA = YES;
				CLANG_WARN_CONSTANT_CONVERSION = YES;
				CLANG_WARN_DEPRECATED_OBJC_IMPLEMENTATIONS = YES;
				CLANG_WARN_DIRECT_OBJC_ISA_USAGE = YES_ERROR;
				CLANG_WARN_DOCUMENTATION_COMMENTS = YES;
				CLANG_WARN_EMPTY_BODY = YES;
				CLANG_WARN_ENUM_CONVERSION = YES;
				CLANG_WARN_INFINITE_RECURSION = YES;
				CLANG_WARN_INT_CONVERSION = YES;
				CLANG_WARN_NON_LITERAL_NULL_CONVERSION = YES;
				CLANG_WARN_OBJC_IMPLICIT_RETAIN_SELF = YES;
				CLANG_WARN_OBJC_LITERAL_CONVERSION = YES;
				CLANG_WARN_OBJC_ROOT_CLASS = YES_ERROR;
				CLANG_WARN_QUOTED_INCLUDE_IN_FRAMEWORK_HEADER = YES;
				CLANG_WARN_RANGE_LOOP_ANALYSIS = YES;
				CLANG_WARN_STRICT_PROTOTYPES = YES;
				CLANG_WARN_SUSPICIOUS_MOVE = YES;
				CLANG_WARN_UNGUARDED_AVAILABILITY = YES_AGGRESSIVE;
				CLANG_WARN_UNREACHABLE_CODE = YES;
				CLANG_WARN__DUPLICATE_METHOD_MATCH = YES;
				COPY_PHASE_STRIP = NO;
				DEBUG_INFORMATION_FORMAT = dwarf;
				ENABLE_STRICT_OBJC_MSGSEND = YES;
				ENABLE_TESTABILITY = YES;
				GCC_C_LANGUAGE_STANDARD = gnu11;
				GCC_DYNAMIC_NO_PIC = NO;
				GCC_NO_COMMON_BLOCKS = YES;
				GCC_OPTIMIZATION_LEVEL = 0;
				GCC_PREPROCESSOR_DEFINITIONS = (
					"DEBUG=1",
					"$(inherited)",
				);
				GCC_WARN_64_TO_32_BIT_CONVERSION = YES;
				GCC_WARN_ABOUT_RETURN_TYPE = YES_ERROR;
				GCC_WARN_UNDECLARED_SELECTOR = YES;
				GCC_WARN_UNINITIALIZED_AUTOS = YES_AGGRESSIVE;
				GCC_WARN_UNUSED_FUNCTION = YES;
				GCC_WARN_UNUSED_VARIABLE = YES;
				IPHONEOS_DEPLOYMENT_TARGET = 15.0;
				MTL_ENABLE_DEBUG_INFO = INCLUDE_SOURCE;
				MTL_FAST_MATH = YES;
				ONLY_ACTIVE_ARCH = YES;
				SDKROOT = iphoneos;
				SWIFT_ACTIVE_COMPILATION_CONDITIONS = DEBUG;
				SWIFT_OPTIMIZATION_LEVEL = "-Onone";
			};
			name = Debug;
		};
		CC337F2B275E96F9007A4895 /* Release */ = {
			isa = XCBuildConfiguration;
			buildSettings = {
				ALWAYS_SEARCH_USER_PATHS = NO;
				CLANG_ANALYZER_NONNULL = YES;
				CLANG_ANALYZER_NUMBER_OBJECT_CONVERSION = YES_AGGRESSIVE;
				CLANG_CXX_LANGUAGE_STANDARD = "gnu++17";
				CLANG_CXX_LIBRARY = "libc++";
				CLANG_ENABLE_MODULES = YES;
				CLANG_ENABLE_OBJC_ARC = YES;
				CLANG_ENABLE_OBJC_WEAK = YES;
				CLANG_WARN_BLOCK_CAPTURE_AUTORELEASING = YES;
				CLANG_WARN_BOOL_CONVERSION = YES;
				CLANG_WARN_COMMA = YES;
				CLANG_WARN_CONSTANT_CONVERSION = YES;
				CLANG_WARN_DEPRECATED_OBJC_IMPLEMENTATIONS = YES;
				CLANG_WARN_DIRECT_OBJC_ISA_USAGE = YES_ERROR;
				CLANG_WARN_DOCUMENTATION_COMMENTS = YES;
				CLANG_WARN_EMPTY_BODY = YES;
				CLANG_WARN_ENUM_CONVERSION = YES;
				CLANG_WARN_INFINITE_RECURSION = YES;
				CLANG_WARN_INT_CONVERSION = YES;
				CLANG_WARN_NON_LITERAL_NULL_CONVERSION = YES;
				CLANG_WARN_OBJC_IMPLICIT_RETAIN_SELF = YES;
				CLANG_WARN_OBJC_LITERAL_CONVERSION = YES;
				CLANG_WARN_OBJC_ROOT_CLASS = YES_ERROR;
				CLANG_WARN_QUOTED_INCLUDE_IN_FRAMEWORK_HEADER = YES;
				CLANG_WARN_RANGE_LOOP_ANALYSIS = YES;
				CLANG_WARN_STRICT_PROTOTYPES = YES;
				CLANG_WARN_SUSPICIOUS_MOVE = YES;
				CLANG_WARN_UNGUARDED_AVAILABILITY = YES_AGGRESSIVE;
				CLANG_WARN_UNREACHABLE_CODE = YES;
				CLANG_WARN__DUPLICATE_METHOD_MATCH = YES;
				COPY_PHASE_STRIP = NO;
				DEBUG_INFORMATION_FORMAT = "dwarf-with-dsym";
				ENABLE_NS_ASSERTIONS = NO;
				ENABLE_STRICT_OBJC_MSGSEND = YES;
				GCC_C_LANGUAGE_STANDARD = gnu11;
				GCC_NO_COMMON_BLOCKS = YES;
				GCC_WARN_64_TO_32_BIT_CONVERSION = YES;
				GCC_WARN_ABOUT_RETURN_TYPE = YES_ERROR;
				GCC_WARN_UNDECLARED_SELECTOR = YES;
				GCC_WARN_UNINITIALIZED_AUTOS = YES_AGGRESSIVE;
				GCC_WARN_UNUSED_FUNCTION = YES;
				GCC_WARN_UNUSED_VARIABLE = YES;
				IPHONEOS_DEPLOYMENT_TARGET = 15.0;
				MTL_ENABLE_DEBUG_INFO = NO;
				MTL_FAST_MATH = YES;
				SDKROOT = iphoneos;
				SWIFT_COMPILATION_MODE = wholemodule;
				SWIFT_OPTIMIZATION_LEVEL = "-O";
				VALIDATE_PRODUCT = YES;
			};
			name = Release;
		};
		CC337F2D275E96F9007A4895 /* Debug */ = {
			isa = XCBuildConfiguration;
			buildSettings = {
				ASSETCATALOG_COMPILER_APPICON_NAME = AppIcon;
				ASSETCATALOG_COMPILER_GLOBAL_ACCENT_COLOR_NAME = AccentColor;
				CODE_SIGN_STYLE = Automatic;
				CURRENT_PROJECT_VERSION = 1;
				DEVELOPMENT_TEAM = 6G87J92GMU;
				GCC_PREPROCESSOR_DEFINITIONS = (
					"DEBUG=1",
					"$(inherited)",
					"GLES_SILENCE_DEPRECATION=1",
				);
				GENERATE_INFOPLIST_FILE = YES;
				INFOPLIST_FILE = OpenGL_with_Swift2.0/Info.plist;
				INFOPLIST_KEY_UIApplicationSupportsIndirectInputEvents = YES;
				INFOPLIST_KEY_UILaunchStoryboardName = LaunchScreen;
				INFOPLIST_KEY_UIMainStoryboardFile = Main;
				INFOPLIST_KEY_UISupportedInterfaceOrientations_iPad = "UIInterfaceOrientationPortrait UIInterfaceOrientationPortraitUpsideDown UIInterfaceOrientationLandscapeLeft UIInterfaceOrientationLandscapeRight";
				INFOPLIST_KEY_UISupportedInterfaceOrientations_iPhone = "UIInterfaceOrientationPortrait UIInterfaceOrientationLandscapeLeft UIInterfaceOrientationLandscapeRight";
				LD_RUNPATH_SEARCH_PATHS = (
					"$(inherited)",
					"@executable_path/Frameworks",
				);
				MARKETING_VERSION = 1.0;
				PRODUCT_BUNDLE_IDENTIFIER = "com.OpenGL-with-Swift2-0";
				PRODUCT_NAME = "$(TARGET_NAME)";
				SWIFT_EMIT_LOC_STRINGS = YES;
				SWIFT_VERSION = 5.0;
				TARGETED_DEVICE_FAMILY = "1,2";
			};
			name = Debug;
		};
		CC337F2E275E96F9007A4895 /* Release */ = {
			isa = XCBuildConfiguration;
			buildSettings = {
				ASSETCATALOG_COMPILER_APPICON_NAME = AppIcon;
				ASSETCATALOG_COMPILER_GLOBAL_ACCENT_COLOR_NAME = AccentColor;
				CODE_SIGN_STYLE = Automatic;
				CURRENT_PROJECT_VERSION = 1;
				DEVELOPMENT_TEAM = 6G87J92GMU;
				GCC_PREPROCESSOR_DEFINITIONS = "GLES_SILENCE_DEPRECATION=1";
				GENERATE_INFOPLIST_FILE = YES;
				INFOPLIST_FILE = OpenGL_with_Swift2.0/Info.plist;
				INFOPLIST_KEY_UIApplicationSupportsIndirectInputEvents = YES;
				INFOPLIST_KEY_UILaunchStoryboardName = LaunchScreen;
				INFOPLIST_KEY_UIMainStoryboardFile = Main;
				INFOPLIST_KEY_UISupportedInterfaceOrientations_iPad = "UIInterfaceOrientationPortrait UIInterfaceOrientationPortraitUpsideDown UIInterfaceOrientationLandscapeLeft UIInterfaceOrientationLandscapeRight";
				INFOPLIST_KEY_UISupportedInterfaceOrientations_iPhone = "UIInterfaceOrientationPortrait UIInterfaceOrientationLandscapeLeft UIInterfaceOrientationLandscapeRight";
				LD_RUNPATH_SEARCH_PATHS = (
					"$(inherited)",
					"@executable_path/Frameworks",
				);
				MARKETING_VERSION = 1.0;
				PRODUCT_BUNDLE_IDENTIFIER = "com.OpenGL-with-Swift2-0";
				PRODUCT_NAME = "$(TARGET_NAME)";
				SWIFT_EMIT_LOC_STRINGS = YES;
				SWIFT_VERSION = 5.0;
				TARGETED_DEVICE_FAMILY = "1,2";
			};
			name = Release;
		};
/* End XCBuildConfiguration section */

/* Begin XCConfigurationList section */
		CC337F13275E96F8007A4895 /* Build configuration list for PBXProject "OpenGL_with_Swift2.0" */ = {
			isa = XCConfigurationList;
			buildConfigurations = (
				CC337F2A275E96F9007A4895 /* Debug */,
				CC337F2B275E96F9007A4895 /* Release */,
			);
			defaultConfigurationIsVisible = 0;
			defaultConfigurationName = Release;
		};
		CC337F2C275E96F9007A4895 /* Build configuration list for PBXNativeTarget "OpenGL_with_Swift2.0" */ = {
			isa = XCConfigurationList;
			buildConfigurations = (
				CC337F2D275E96F9007A4895 /* Debug */,
				CC337F2E275E96F9007A4895 /* Release */,
			);
			defaultConfigurationIsVisible = 0;
			defaultConfigurationName = Release;
		};
/* End XCConfigurationList section */
	};
	rootObject = CC337F10275E96F8007A4895 /* Project object */;
}
